github.com/gdygd/goshm v0.0.0-20240401061945-0c37527371fb h1:KkKkiybI0A5ZLSA6dIEVZ4qgOQbjIMPdW2V8BbVCQWA=
github.com/gdygd/goshm v0.0.0-20240401061945-0c37527371fb/go.mod h1:i5djjvkXC4r09HhdF+OUYlIncIVGCCoNGgc71KZrsBs=
github.com/gdygd/goshm v0.0.0-20240806054006-48e284e0fa81 h1:VVrEIeVVk+lOPL/9aRtABRvL9WiPBJGjs3G2EcCQbu8=
github.com/gdygd/goshm v0.0.0-20240806054006-48e284e0fa81/go.mod h1:i5djjvkXC4r09HhdF+OUYlIncIVGCCoNGgc71KZrsBs=
golang.org/x/sys v0.23.0 h1:YfKFowiIMvtgl1UERQoTPPToxltDeZfbj4H7dVUCwmM=
golang.org/x/sys v0.23.0/go.mod h1:/VUhepiaJMQUp4+oa/7Zr1D23ma6VTLIYjOOTFZPUcA=
